<?xml version="1.0" encoding="utf-8"?>
<Project ToolsVersion="4.0" xmlns="http://schemas.microsoft.com/developer/msbuild/2003">
  <ItemGroup>
    <Filter Include="Source Files">
      <UniqueIdentifier>{4FC737F1-C7A5-4376-A066-2A32D752A2FF}</UniqueIdentifier>
      <Extensions>cpp;c;cc;cxx;c++;cppm;ixx;def;odl;idl;hpj;bat;asm;asmx</Extensions>
    </Filter>
    <Filter Include="Header Files">
      <UniqueIdentifier>{93995380-89BD-4b04-88EB-625FBE52EBFB}</UniqueIdentifier>
      <Extensions>h;hh;hpp;hxx;h++;hm;inl;inc;ipp;xsd</Extensions>
    </Filter>
    <Filter Include="Resource Files">
      <UniqueIdentifier>{67DA6AB6-F800-4c08-8B7A-83BB121AAD01}</UniqueIdentifier>
      <Extensions>rc;ico;cur;bmp;dlg;rc2;rct;bin;rgs;gif;jpg;jpeg;jpe;resx;tiff;tif;png;wav;mfcribbon-ms</Extensions>
    </Filter>
  </ItemGroup>
  <ItemGroup>
    <ClCompile Include="graph\shortest_path\787_CheapestFlightsWithinKStops\dfs_pruning.cpp">
      <Filter>Source Files</Filter>
    </ClCompile>
    <ClCompile Include="graph\shortest_path\787_CheapestFlightsWithinKStops\bfs.cpp">
      <Filter>Source Files</Filter>
    </ClCompile>
    <ClCompile Include="graph\shortest_path\Dijkstra+Floyd\743._NetworkDelayTime\dijkstra.cpp">
      <Filter>Source Files</Filter>
    </ClCompile>
    <ClCompile Include="graph\longest_path_tree\2246_longestPathWithDifferenctChar\dfs.cpp">
      <Filter>Source Files</Filter>
    </ClCompile>
    <ClCompile Include="graph\unionfind\2421_numberOfGoodPaths\unionfind.cpp">
      <Filter>Source Files</Filter>
    </ClCompile>
    <ClCompile Include="doublyLinkedList\460_lfuCache\selfbuildlist.cpp">
      <Filter>Source Files</Filter>
    </ClCompile>
    <ClCompile Include="doublyLinkedList\460_lfuCache\stllist.cpp">
      <Filter>Source Files</Filter>
    </ClCompile>
    <ClCompile Include="sweepline\452_burstballoons\sweepline.cpp">
      <Filter>Source Files</Filter>
    </ClCompile>
    <ClCompile Include="heap\2542_minsubsequenceScore\min_heap.cpp">
      <Filter>Source Files</Filter>
    </ClCompile>
    <ClCompile Include="recursion_DP\MaxSubArrayProblems\1626_teamWithNoConflicts\recursion.cpp">
      <Filter>Source Files</Filter>
    </ClCompile>
    <ClCompile Include="recursion_DP\MaxSubArrayProblems\1626_teamWithNoConflicts\dp.cpp">
      <Filter>Source Files</Filter>
    </ClCompile>
    <ClCompile Include="recursion_DP\472_ConcatenatedWords\recursion.cpp">
      <Filter>Source Files</Filter>
    </ClCompile>
    <ClCompile Include="recursion_DP\HouseRobberSeries\198_houseRobber\dp.cpp">
      <Filter>Source Files</Filter>
    </ClCompile>
    <ClCompile Include="recursion_DP\HouseRobberSeries\198_houseRobber\recursion.cpp">
      <Filter>Source Files</Filter>
    </ClCompile>
    <ClCompile Include="graph\topological_sort\802_findSafeState\dfs.cpp">
      <Filter>Source Files</Filter>
    </ClCompile>
    <ClCompile Include="graph\topological_sort\802_findSafeState\bfs.cpp">
      <Filter>Source Files</Filter>
    </ClCompile>
    <ClCompile Include="graph\other\1377_frogposition\dfs.cpp">
      <Filter>Source Files</Filter>
    </ClCompile>
    <ClCompile Include="graph\topological_sort\2115_findAllPossibleRecipe\dfs.cpp">
      <Filter>Source Files</Filter>
    </ClCompile>
    <ClCompile Include="graph\topological_sort\2115_findAllPossibleRecipe\bfs.cpp">
      <Filter>Source Files</Filter>
    </ClCompile>
    <ClCompile Include="graph\topological_sort\913_mouseAndCat\DFS_Classical_Mistake\dfs_mistake_Walkaround.cpp">
      <Filter>Source Files</Filter>
    </ClCompile>
    <ClCompile Include="graph\topological_sort\913_mouseAndCat\dfs_walkaround.cpp">
      <Filter>Source Files</Filter>
    </ClCompile>
    <ClCompile Include="graph\shortest_path\847_shortestPathToAllNode\bfs_bit.cpp">
      <Filter>Source Files</Filter>
    </ClCompile>
    <ClCompile Include="graph\topological_sort\913_mouseAndCat\bfs_coloring.cpp">
      <Filter>Source Files</Filter>
    </ClCompile>
    <ClCompile Include="graph\shortest_path\126_wordLadderII\wildcard_bfs.cpp">
      <Filter>Source Files</Filter>
    </ClCompile>
    <ClCompile Include="binarySearch\2555_maxWinFromTwoSeg\binarySearch.cpp">
      <Filter>Source Files</Filter>
    </ClCompile>
    <ClCompile Include="binarySearch\2563_countNumOfFairPairs\binarySearch.cpp">
      <Filter>Source Files</Filter>
    </ClCompile>
    <ClCompile Include="recursion_DP\HouseRobberSeries\2560_houseRobberIV\dp_binarySearch.cpp">
      <Filter>Source Files</Filter>
    </ClCompile>
    <ClCompile Include="recursion_DP\HouseRobberSeries\337_houseRobberIII\recursion.cpp">
      <Filter>Source Files</Filter>
    </ClCompile>
    <ClCompile Include="recursion_DP\HouseRobberSeries\213_houseRobberII\dp.cpp">
      <Filter>Source Files</Filter>
    </ClCompile>
    <ClCompile Include="graph\other\2477_minFuelCost\indegree_bfsFromLeaf.cpp">
      <Filter>Source Files</Filter>
    </ClCompile>
    <ClCompile Include="graph\other\2477_minFuelCost\dfs.cpp">
      <Filter>Source Files</Filter>
    </ClCompile>
    <ClCompile Include="recursion_DP\MaxSubArrayProblems\1567_maxSubArrayPositiveProduct\dp.cpp">
      <Filter>Source Files</Filter>
    </ClCompile>
    <ClCompile Include="recursion_DP\MaxSubArrayProblems\53_maxSumSubArray\dp.cpp">
      <Filter>Source Files</Filter>
    </ClCompile>
    <ClCompile Include="recursion_DP\MaxSubArrayProblems\918.MaximumSumCircularSubarray\dp.cpp">
      <Filter>Source Files</Filter>
    </ClCompile>
    <ClCompile Include="recursion_DP\BuySellStockSeries\714_BuySellWithTransacFee\recursion_dp.cpp">
      <Filter>Source Files</Filter>
    </ClCompile>
    <ClCompile Include="recursion_DP\BuySellStockSeries\309_BuySellWithCooldown\dp.cpp">
      <Filter>Source Files</Filter>
    </ClCompile>
    <ClCompile Include="recursion_DP\BuySellStockSeries\121_BuySell\greedy.cpp">
      <Filter>Source Files</Filter>
    </ClCompile>
    <ClCompile Include="recursion_DP\BuySellStockSeries\122_BuySellII\greedy.cpp">
      <Filter>Source Files</Filter>
    </ClCompile>
    <ClCompile Include="recursion_DP\matrixSumProblems\304_RangeSum\presum.cpp">
      <Filter>Source Files</Filter>
    </ClCompile>
    <ClCompile Include="recursion_DP\PalindromeSubseqProblems\516_longestPalSubseq\recursion.cpp">
      <Filter>Source Files</Filter>
    </ClCompile>
    <ClCompile Include="recursion_DP\PalindromeSubseqProblems\5_longestPalSubstr\dp.cpp">
      <Filter>Source Files</Filter>
    </ClCompile>
    <ClCompile Include="recursion_DP\PalindromeSubseqProblems\131_palPartittion\backtracking.cpp">
      <Filter>Source Files</Filter>
    </ClCompile>
    <ClCompile Include="graph\binaryTree\226_InvertBT\postorder.cpp">
      <Filter>Source Files</Filter>
    </ClCompile>
    <ClCompile Include="graph\binaryTree\783_minDisBST\inorder.cpp">
      <Filter>Source Files</Filter>
    </ClCompile>
    <ClCompile Include="queue\622_designCircularQueue\circularQueue.cpp">
      <Filter>Source Files</Filter>
    </ClCompile>
    <ClCompile Include="recursion_DP\2572_SquareFreeSubseq\recursion_bit.cpp">
      <Filter>Source Files</Filter>
    </ClCompile>
    <ClCompile Include="recursion_DP\2572_SquareFreeSubseq\recursion.cpp">
      <Filter>Source Files</Filter>
    </ClCompile>
    <ClCompile Include="graph\segmentTree\307_rangeSumQuery\SegTree.cpp">
      <Filter>Source Files</Filter>
    </ClCompile>
    <ClCompile Include="recursion_DP\PalindromeSubseqProblems\376_wiggleSubseq\recursion.cpp">
      <Filter>Source Files</Filter>
    </ClCompile>
    <ClCompile Include="binarySearch\1011_CapShiftpackages\bsearch.cpp">
      <Filter>Source Files</Filter>
    </ClCompile>
    <ClCompile Include="binarySearch\540_SingleELemInSortedArr\bsaerch.cpp">
      <Filter>Source Files</Filter>
    </ClCompile>
    <ClCompile Include="graph\trie\208_implementTrie\trie.cpp">
      <Filter>Source Files</Filter>
    </ClCompile>
    <ClCompile Include="graph\trie\1268_searchSuggesttion\trie.cpp">
      <Filter>Source Files</Filter>
    </ClCompile>
    <ClCompile Include="monotonicStackQueue\739_dailyTemp\monoStack.cpp">
      <Filter>Source Files</Filter>
    </ClCompile>
    <ClCompile Include="monotonicStackQueue\503_nextGreaterIntCircular\monostack.cpp">
      <Filter>Source Files</Filter>
    </ClCompile>
    <ClCompile Include="heap\502_IPO\twoHeaps.cpp">
      <Filter>Source Files</Filter>
    </ClCompile>
    <ClCompile Include="sweepline\1094_carPooling\bruteForce.cpp">
      <Filter>Source Files</Filter>
    </ClCompile>
    <ClCompile Include="sweepline\1094_carPooling\minHeap.cpp">
      <Filter>Source Files</Filter>
    </ClCompile>
    <ClCompile Include="sweepline\1094_carPooling\sweepline.cpp">
      <Filter>Source Files</Filter>
    </ClCompile>
    <ClCompile Include="recursion_DP\PalindromeSubseqProblems\392_isSubseq\dp.cpp">
      <Filter>Source Files</Filter>
    </ClCompile>
    <ClCompile Include="recursion_DP\PalindromeSubseqProblems\1143_lcs\dp.cpp">
      <Filter>Source Files</Filter>
    </ClCompile>
    <ClCompile Include="recursion_DP\PalindromeSubseqProblems\718_longestCommcomSubarray\recursionDP.cpp">
      <Filter>Source Files</Filter>
    </ClCompile>
    <ClCompile Include="recursion_DP\PalindromeSubseqProblems\1092_shortestsuperseq\dp.cpp">
      <Filter>Source Files</Filter>
    </ClCompile>
    <ClCompile Include="recursion_DP\PalindromeSubseqProblems\1092_shortestsuperseq\bruteforce_tle.cpp">
      <Filter>Source Files</Filter>
    </ClCompile>
    <ClCompile Include="graph\shortest_path\Dijkstra+Floyd\1631_MinEffort\dijWithPrevRoute.cpp">
      <Filter>Source Files</Filter>
    </ClCompile>
    <ClCompile Include="graph\shortest_path\Dijkstra+Floyd\2577_minTime\dijkstra.cpp">
      <Filter>Source Files</Filter>
    </ClCompile>
    <ClCompile Include="graph\trie\212_wordSearchII\trie.cpp">
      <Filter>Source Files</Filter>
    </ClCompile>
    <ClCompile Include="graph\trie\212_wordSearchII\trieJs.cpp">
      <Filter>Source Files</Filter>
    </ClCompile>
    <ClCompile Include="graph\segmentTree\732_myCalIII\SegTree.cpp">
      <Filter>Source Files</Filter>
    </ClCompile>
    <ClCompile Include="binarySearch\1760_maxBallsInBag\bsearch.cpp">
      <Filter>Source Files</Filter>
    </ClCompile>
    <ClCompile Include="binarySearch\2080_rangebasedFreq\binarySearchUpperLowerBound.cpp">
      <Filter>Source Files</Filter>
    </ClCompile>
    <ClCompile Include="graph\binaryTree\235_lca\dfs.cpp">
      <Filter>Source Files</Filter>
    </ClCompile>
    <ClCompile Include="recursion_DP\2585_waysEarnPoints\recursion.cpp">
      <Filter>Source Files</Filter>
    </ClCompile>
    <ClCompile Include="recursion_DP\464_canIWin\dfs.cpp">
      <Filter>Source Files</Filter>
    </ClCompile>
    <ClCompile Include="sweepline\2584_Coprime\linesweep.cpp">
      <Filter>Source Files</Filter>
    </ClCompile>
    <ClCompile Include="sweepline\2584_Coprime\recursion.cpp">
      <Filter>Source Files</Filter>
    </ClCompile>
    <ClCompile Include="sweepline\391_perfectRectangle\sweep.cpp">
      <Filter>Source Files</Filter>
    </ClCompile>
    <ClCompile Include="sweepline\intervalProblems\1288_coveredInterval\sweep.cpp">
      <Filter>Source Files</Filter>
    </ClCompile>
    <ClCompile Include="sweepline\intervalProblems\436_findRightInterval\map.cpp">
      <Filter>Source Files</Filter>
    </ClCompile>
    <ClCompile Include="sweepline\intervalProblems\453_nonOverlapInterval\greedy.cpp">
      <Filter>Source Files</Filter>
    </ClCompile>
    <ClCompile Include="sweepline\intervalProblems\986_overlappingInteval\linesweep.cpp">
      <Filter>Source Files</Filter>
    </ClCompile>
    <ClCompile Include="recursion_DP\MaxSubArrayProblems\673_NumberofLIS\recursion.cpp">
      <Filter>Source Files</Filter>
    </ClCompile>
    <ClCompile Include="graph\binaryTree\450_deleteNodeInBST\recursion.cpp">
      <Filter>Source Files</Filter>
    </ClCompile>
    <ClCompile Include="sliding window\424_freqChar\slidewindow.cpp">
      <Filter>Source Files</Filter>
    </ClCompile>
    <ClCompile Include="sliding window\713_maxProductSubarray\slidewindow.cpp">
      <Filter>Source Files</Filter>
    </ClCompile>
    <ClCompile Include="recursion_DP\MaxSubArrayProblems\395_longestSubstringRepeatedchar\recursion1.cpp">
      <Filter>Source Files</Filter>
    </ClCompile>
    <ClCompile Include="recursion_DP\MaxSubArrayProblems\395_longestSubstringRepeatedchar\recursion2.cpp">
      <Filter>Source Files</Filter>
    </ClCompile>
    <ClCompile Include="graph\segmentTree\493_reversePairs\segtree.cpp">
      <Filter>Source Files</Filter>
    </ClCompile>
    <ClCompile Include="graph\unionfind\778_swinInRisingWater\unionFind.cpp">
      <Filter>Source Files</Filter>
    </ClCompile>
    <ClCompile Include="heap\355_designTwitter\heap.cpp">
      <Filter>Source Files</Filter>
    </ClCompile>
    <ClCompile Include="heap\378_KthSmallInSortedMat\heap.cpp">
      <Filter>Source Files</Filter>
    </ClCompile>
    <ClCompile Include="heap\621_taskScheduler\twoHeaps.cpp">
      <Filter>Source Files</Filter>
    </ClCompile>
    <ClCompile Include="heap\630_courseSchedule\heap.cpp">
      <Filter>Source Files</Filter>
    </ClCompile>
    <ClCompile Include="graph\shortest_path\2608_shotestCycleUndiGraph\Source.cpp">
      <Filter>Source Files</Filter>
    </ClCompile>
    <ClCompile Include="graph\shortest_path\Dijkstra+Floyd\1334_Mindistallcities\FloydWarshall.cpp">
      <Filter>Source Files</Filter>
    </ClCompile>
    <ClCompile Include="graph\shortest_path\Dijkstra+Floyd\1334_Mindistallcities\dikstra.cpp">
      <Filter>Source Files</Filter>
    </ClCompile>
    <ClCompile Include="graph\shortest_path\2617_minNumberVisitedCells\bfs_set.cpp">
      <Filter>Source Files</Filter>
    </ClCompile>
    <ClCompile Include="graph\shortest_path\Dijkstra+Floyd\1368_minOpReachBottom\dijkstra.cpp">
      <Filter>Source Files</Filter>
    </ClCompile>
    <ClCompile Include="graph\shortest_path\Dijkstra+Floyd\2646_minCostTrips\dijkstra_dp.cpp">
      <Filter>Source Files</Filter>
    </ClCompile>
    <ClCompile Include="sliding window\220_containsdupIII\slidingwindow_multiset.cpp">
      <Filter>Source Files</Filter>
    </ClCompile>
    <ClCompile Include="graph\segmentTree\327_countRangeSum\segTree.cpp">
      <Filter>Source Files</Filter>
    </ClCompile>
    <ClCompile Include="graph\unionfind\1697_pathQueries\unionfind.cpp">
      <Filter>Source Files</Filter>
    </ClCompile>
    <ClCompile Include="graph\unionfind\1579_MaxEdgeRemove_Template\UF.cpp">
      <Filter>Source Files</Filter>
    </ClCompile>
    <ClCompile Include="graph\shortest_path\Dijkstra+Floyd\2662_shortestPthSpecialRoads\dijkstra.cpp">
      <Filter>Source Files</Filter>
    </ClCompile>
    <ClCompile Include="graph\bipartite-matching\1349_maxStudentsTakeExam\dp_Bitmask.cpp">
      <Filter>Source Files</Filter>
    </ClCompile>
    <ClCompile Include="graph\bipartite-matching\1349_maxStudentsTakeExam\Hungarian_bfs.cpp">
      <Filter>Source Files</Filter>
    </ClCompile>
    <ClCompile Include="graph\bipartite-matching\1349_maxStudentsTakeExam\Hungarian_dfs.cpp">
      <Filter>Source Files</Filter>
    </ClCompile>
    <ClCompile Include="graph\bipartite-matching\1349_maxStudentsTakeExam\edmondkarp.cpp">
      <Filter>Source Files</Filter>
    </ClCompile>
    <ClCompile Include="heap\1353_maxEvents\minheap.cpp">
      <Filter>Source Files</Filter>
    </ClCompile>
    <ClCompile Include="recursion_DP\1799_maxscoreGCD\dp_bitmask.cpp">
      <Filter>Source Files</Filter>
    </ClCompile>
    <ClCompile Include="graph\shortest_path\Dijkstra+Floyd\2699_modifyGraphEdgeWeights.cpp">
      <Filter>Source Files</Filter>
    </ClCompile>
    <ClCompile Include="heap\767_reorgString\maxheap.cpp">
      <Filter>Source Files</Filter>
    </ClCompile>
    <ClCompile Include="graph\strongly_connected_components\1192_criticalEdges\tarjan.cpp">
      <Filter>Source Files</Filter>
    </ClCompile>
    <ClCompile Include="graph\shortest_path\864_shortestPathGetAllKeys\bfs_dir.cpp">
      <Filter>Source Files</Filter>
    </ClCompile>
    <ClCompile Include="recursion_DP\2713_maxStepIncreasing\recursion.cpp">
      <Filter>Source Files</Filter>
    </ClCompile>
    <ClCompile Include="graph\unionfind\990_satisdyEquations\uf.cpp">
      <Filter>Source Files</Filter>
    </ClCompile>
    <ClCompile Include="recursion_DP\1569_reorder_BST\divideconquer.cpp">
      <Filter>Source Files</Filter>
    </ClCompile>
    <ClCompile Include="graph\MST\1584_mincostConnect\MST.cpp">
      <Filter>Source Files</Filter>
    </ClCompile>
    <ClCompile Include="recursion_DP\1187_makeArrayStrictlyIncreasing\recursion.cpp">
      <Filter>Source Files</Filter>
    </ClCompile>
    <ClCompile Include="recursion_DP\2742_paitingWalls\knapsack.cpp">
      <Filter>Source Files</Filter>
    </ClCompile>
    <ClCompile Include="graph\MST\1479_criticalPseudocritical\mst.cpp">
      <Filter>Source Files</Filter>
    </ClCompile>
  </ItemGroup>
  <ItemGroup>
    <Image Include="..\..\..\..\Desktop\leetcode\913_dfs.jpg">
      <Filter>Resource Files</Filter>
    </Image>
  </ItemGroup>
  <ItemGroup>
    <Text Include="graph\bipartite-matching\bipartite-matching.txt" />
  </ItemGroup>
</Project>